
Microsoft Visual Studio Solution File, Format Version 12.00
# Visual Studio 15
VisualStudioVersion = 15.0.28307.489
MinimumVisualStudioVersion = 10.0.40219.1
Project("{FAE04EC0-301F-11D3-BF4B-00C04F79EFBC}") = "DaemonConfig", "DaemonConfig\DaemonConfig.csproj", "{95694549-BFFE-44C6-9DAE-47204C9D08A1}"
EndProject
Global
	GlobalSection(SolutionConfigurationPlatforms) = preSolution
		Debug|Any CPU = Debug|Any CPU
		Release|Any CPU = Release|Any CPU
	EndGlobalSection
	GlobalSection(ProjectConfigurationPlatforms) = postSolution
		{95694549-BFFE-44C6-9DAE-47204C9D08A1}.Debug|Any CPU.ActiveCfg = Debug|Any CPU
		{95694549-BFFE-44C6-9DAE-47204C9D08A1}.Debug|Any CPU.Build.0 = Debug|Any CPU
		{95694549-BFFE-44C6-9DAE-47204C9D08A1}.Release|Any CPU.ActiveCfg = Release|Any CPU
		{95694549-BFFE-44C6-9DAE-47204C9D08A1}.Release|Any CPU.Build.0 = Release|Any CPU
	EndGlobalSection
	GlobalSection(SolutionProperties) = preSolution
		HideSolutionNode = FALSE
	EndGlobalSection
	GlobalSection(ExtensibilityGlobals) = postSolution
		SolutionGuid = {DDF3B146-6E5D-4658-9AB1-7A5516E1D042}
	EndGlobalSection
EndGlobal
